
Microsoft Visual Studio Solution File, Format Version 12.00
# Visual Studio Version 17
VisualStudioVersion = 17.1.32421.90
MinimumVisualStudioVersion = 10.0.40219.1
Project("{9A19103F-16F7-4668-BE54-9A1E7A4F7556}") = "Paluto_Kay_Juan", "Paluto_Kay_Juan.csproj", "{D38367F4-4D24-432E-ADEE-F4E940F5030B}"
EndProject
Global
	GlobalSection(SolutionConfigurationPlatforms) = preSolution
		Debug|Any CPU = Debug|Any CPU
		Release|Any CPU = Release|Any CPU
	EndGlobalSection
	GlobalSection(ProjectConfigurationPlatforms) = postSolution
		{D38367F4-4D24-432E-ADEE-F4E940F5030B}.Debug|Any CPU.ActiveCfg = Debug|Any CPU
		{D38367F4-4D24-432E-ADEE-F4E940F5030B}.Debug|Any CPU.Build.0 = Debug|Any CPU
		{D38367F4-4D24-432E-ADEE-F4E940F5030B}.Release|Any CPU.ActiveCfg = Release|Any CPU
		{D38367F4-4D24-432E-ADEE-F4E940F5030B}.Release|Any CPU.Build.0 = Release|Any CPU
	EndGlobalSection
	GlobalSection(SolutionProperties) = preSolution
		HideSolutionNode = FALSE
	EndGlobalSection
	GlobalSection(ExtensibilityGlobals) = postSolution
		SolutionGuid = {0AED0370-A0BF-4F08-91E6-0BBC70B4F29C}
	EndGlobalSection
EndGlobal
